
Microsoft Visual Studio Solution File, Format Version 12.00
# Visual Studio Version 16
VisualStudioVersion = 16.0.28803.202
MinimumVisualStudioVersion = 10.0.40219.1
Project("{FAE04EC0-301F-11D3-BF4B-00C04F79EFBC}") = "RandomizerMod3.0", "RandomizerMod3.0\RandomizerMod3.0.csproj", "{2A00B777-CBA2-409B-BB29-3339C92CCACC}"
	ProjectSection(ProjectDependencies) = postProject
		{646D3716-FE32-4F72-839A-942BE24E6978} = {646D3716-FE32-4F72-839A-942BE24E6978}
	EndProjectSection
EndProject
Project("{9A19103F-16F7-4668-BE54-9A1E7A4F7556}") = "MultiWorldProtocol", "MultiWorldProtocol\MultiWorldProtocol.csproj", "{646D3716-FE32-4F72-839A-942BE24E6978}"
EndProject
Project("{FAE04EC0-301F-11D3-BF4B-00C04F79EFBC}") = "MultiWorldServer", "MultiWorldServer\MultiWorldServer.csproj", "{859C2A14-2A15-4EC8-9F69-75135AD7CBD8}"
	ProjectSection(ProjectDependencies) = postProject
		{646D3716-FE32-4F72-839A-942BE24E6978} = {646D3716-FE32-4F72-839A-942BE24E6978}
	EndProjectSection
EndProject
Project("{FAE04EC0-301F-11D3-BF4B-00C04F79EFBC}") = "RandomizerLib3.0", "RandomizerLib3.0\RandomizerLib3.0.csproj", "{9A6E25CA-F58E-4F1B-9187-7142844A7D0A}"
EndProject
Project("{FAE04EC0-301F-11D3-BF4B-00C04F79EFBC}") = "FakeClient", "MWRandomizerTest\FakeClient.csproj", "{532E9758-15E7-4D47-851D-A07407ED1F1C}"
EndProject
Global
	GlobalSection(SolutionConfigurationPlatforms) = preSolution
		Debug|Any CPU = Debug|Any CPU
		Release|Any CPU = Release|Any CPU
	EndGlobalSection
	GlobalSection(ProjectConfigurationPlatforms) = postSolution
		{2A00B777-CBA2-409B-BB29-3339C92CCACC}.Debug|Any CPU.ActiveCfg = Debug|Any CPU
		{2A00B777-CBA2-409B-BB29-3339C92CCACC}.Debug|Any CPU.Build.0 = Debug|Any CPU
		{2A00B777-CBA2-409B-BB29-3339C92CCACC}.Release|Any CPU.ActiveCfg = Release|Any CPU
		{2A00B777-CBA2-409B-BB29-3339C92CCACC}.Release|Any CPU.Build.0 = Release|Any CPU
		{646D3716-FE32-4F72-839A-942BE24E6978}.Debug|Any CPU.ActiveCfg = Debug|Any CPU
		{646D3716-FE32-4F72-839A-942BE24E6978}.Debug|Any CPU.Build.0 = Debug|Any CPU
		{646D3716-FE32-4F72-839A-942BE24E6978}.Release|Any CPU.ActiveCfg = Release|Any CPU
		{646D3716-FE32-4F72-839A-942BE24E6978}.Release|Any CPU.Build.0 = Release|Any CPU
		{859C2A14-2A15-4EC8-9F69-75135AD7CBD8}.Debug|Any CPU.ActiveCfg = Debug|Any CPU
		{859C2A14-2A15-4EC8-9F69-75135AD7CBD8}.Debug|Any CPU.Build.0 = Debug|Any CPU
		{859C2A14-2A15-4EC8-9F69-75135AD7CBD8}.Release|Any CPU.ActiveCfg = Release|Any CPU
		{859C2A14-2A15-4EC8-9F69-75135AD7CBD8}.Release|Any CPU.Build.0 = Release|Any CPU
		{9A6E25CA-F58E-4F1B-9187-7142844A7D0A}.Debug|Any CPU.ActiveCfg = Debug|Any CPU
		{9A6E25CA-F58E-4F1B-9187-7142844A7D0A}.Debug|Any CPU.Build.0 = Debug|Any CPU
		{9A6E25CA-F58E-4F1B-9187-7142844A7D0A}.Release|Any CPU.ActiveCfg = Release|Any CPU
		{9A6E25CA-F58E-4F1B-9187-7142844A7D0A}.Release|Any CPU.Build.0 = Release|Any CPU
		{532E9758-15E7-4D47-851D-A07407ED1F1C}.Debug|Any CPU.ActiveCfg = Debug|Any CPU
		{532E9758-15E7-4D47-851D-A07407ED1F1C}.Debug|Any CPU.Build.0 = Debug|Any CPU
		{532E9758-15E7-4D47-851D-A07407ED1F1C}.Release|Any CPU.ActiveCfg = Release|Any CPU
		{532E9758-15E7-4D47-851D-A07407ED1F1C}.Release|Any CPU.Build.0 = Release|Any CPU
	EndGlobalSection
	GlobalSection(SolutionProperties) = preSolution
		HideSolutionNode = FALSE
	EndGlobalSection
	GlobalSection(ExtensibilityGlobals) = postSolution
		SolutionGuid = {A27DFD31-252F-4E01-9CC6-2525343BF34B}
	EndGlobalSection
EndGlobal
